{
  "name": "my-portfolio",
  "version": "0.1.0",
  "lockfileVersion": 2,
  "requires": true,
  "packages": {
    "": {
      "dependencies": {
        "tsparticles": "^1.37.4"
      }
    },
    "node_modules/tsparticles": {
      "version": "1.37.4",
      "resolved": "https://registry.npmjs.org/tsparticles/-/tsparticles-1.37.4.tgz",
      "integrity": "sha512-ttfQX26U1WgeoRWqXv3sucVlYZJxcpKzi75rTvMOSZhtQ1FretywWc2ajM6SFygqV0ZRndE4cYlrKh71zeb6mQ==",
      "hasInstallScript": true,
      "funding": {
        "type": "github",
        "url": "https://github.com/sponsors/matteobruni"
      }
    }
  },
  "dependencies": {
    "tsparticles": {
      "version": "1.37.4",
      "resolved": "https://registry.npmjs.org/tsparticles/-/tsparticles-1.37.4.tgz",
      "integrity": "sha512-ttfQX26U1WgeoRWqXv3sucVlYZJxcpKzi75rTvMOSZhtQ1FretywWc2ajM6SFygqV0ZRndE4cYlrKh71zeb6mQ=="
    }
  }
}
